
Microsoft Visual Studio Solution File, Format Version 12.00
# Visual Studio Express 2013 for Windows Desktop
VisualStudioVersion = 12.0.30723.0
MinimumVisualStudioVersion = 10.0.40219.1
Project("{F184B08F-C81C-45F6-A57F-5ABD9991F28F}") = "WindowsApplication1", "WindowsApplication1\WindowsApplication1.vbproj", "{D17E84B5-7D70-4EBD-9504-5C9832A876BB}"
EndProject
Global
	GlobalSection(SolutionConfigurationPlatforms) = preSolution
		Debug|Any CPU = Debug|Any CPU
		Release|Any CPU = Release|Any CPU
	EndGlobalSection
	GlobalSection(ProjectConfigurationPlatforms) = postSolution
		{D17E84B5-7D70-4EBD-9504-5C9832A876BB}.Debug|Any CPU.ActiveCfg = Debug|Any CPU
		{D17E84B5-7D70-4EBD-9504-5C9832A876BB}.Debug|Any CPU.Build.0 = Debug|Any CPU
		{D17E84B5-7D70-4EBD-9504-5C9832A876BB}.Release|Any CPU.ActiveCfg = Release|Any CPU
		{D17E84B5-7D70-4EBD-9504-5C9832A876BB}.Release|Any CPU.Build.0 = Release|Any CPU
	EndGlobalSection
	GlobalSection(SolutionProperties) = preSolution
		HideSolutionNode = FALSE
	EndGlobalSection
EndGlobal
